
Microsoft Visual Studio Solution File, Format Version 12.00
# Visual Studio Version 17
VisualStudioVersion = 17.0.32112.339
MinimumVisualStudioVersion = 10.0.40219.1
Project("{FAE04EC0-301F-11D3-BF4B-00C04F79EFBC}") = "diamantes letras", "diamantes letras\diamantes letras.csproj", "{ABBC6A47-C058-43E0-A2AA-C2E9972F50FB}"
EndProject
Global
	GlobalSection(SolutionConfigurationPlatforms) = preSolution
		Debug|Any CPU = Debug|Any CPU
		Release|Any CPU = Release|Any CPU
	EndGlobalSection
	GlobalSection(ProjectConfigurationPlatforms) = postSolution
		{ABBC6A47-C058-43E0-A2AA-C2E9972F50FB}.Debug|Any CPU.ActiveCfg = Debug|Any CPU
		{ABBC6A47-C058-43E0-A2AA-C2E9972F50FB}.Debug|Any CPU.Build.0 = Debug|Any CPU
		{ABBC6A47-C058-43E0-A2AA-C2E9972F50FB}.Release|Any CPU.ActiveCfg = Release|Any CPU
		{ABBC6A47-C058-43E0-A2AA-C2E9972F50FB}.Release|Any CPU.Build.0 = Release|Any CPU
	EndGlobalSection
	GlobalSection(SolutionProperties) = preSolution
		HideSolutionNode = FALSE
	EndGlobalSection
	GlobalSection(ExtensibilityGlobals) = postSolution
		SolutionGuid = {503524A0-EF96-43A8-8473-A8FF0545249C}
	EndGlobalSection
EndGlobal
